
Microsoft Visual Studio Solution File, Format Version 12.00
# Visual Studio Version 16
VisualStudioVersion = 16.0.31702.278
MinimumVisualStudioVersion = 10.0.40219.1
Project("{FAE04EC0-301F-11D3-BF4B-00C04F79EFBC}") = "CapPractice", "CapPractice\CapPractice.csproj", "{DF08B546-C9F5-4ADE-A3F3-8623C2E97316}"
EndProject
Global
	GlobalSection(SolutionConfigurationPlatforms) = preSolution
		Debug|Any CPU = Debug|Any CPU
		Release|Any CPU = Release|Any CPU
	EndGlobalSection
	GlobalSection(ProjectConfigurationPlatforms) = postSolution
		{DF08B546-C9F5-4ADE-A3F3-8623C2E97316}.Debug|Any CPU.ActiveCfg = Debug|Any CPU
		{DF08B546-C9F5-4ADE-A3F3-8623C2E97316}.Debug|Any CPU.Build.0 = Debug|Any CPU
		{DF08B546-C9F5-4ADE-A3F3-8623C2E97316}.Release|Any CPU.ActiveCfg = Release|Any CPU
		{DF08B546-C9F5-4ADE-A3F3-8623C2E97316}.Release|Any CPU.Build.0 = Release|Any CPU
	EndGlobalSection
	GlobalSection(SolutionProperties) = preSolution
		HideSolutionNode = FALSE
	EndGlobalSection
	GlobalSection(ExtensibilityGlobals) = postSolution
		SolutionGuid = {173DC343-B481-41B8-A5F2-88916B36A209}
	EndGlobalSection
EndGlobal
